
Microsoft Visual Studio Solution File, Format Version 12.00
# Visual Studio Version 16
VisualStudioVersion = 16.0.31729.503
MinimumVisualStudioVersion = 10.0.40219.1
Project("{9A19103F-16F7-4668-BE54-9A1E7A4F7556}") = "RaspFactory", "RaspFactory\RaspFactory.csproj", "{8D09417E-99AF-4875-8D7E-235B628B609D}"
EndProject
Project("{FAE04EC0-301F-11D3-BF4B-00C04F79EFBC}") = "VisualRasp", "VisualRasp\VisualRasp.csproj", "{548F885D-7F4D-47D6-AEC5-9DF24D8F64B2}"
EndProject
Global
	GlobalSection(SolutionConfigurationPlatforms) = preSolution
		Debug|Any CPU = Debug|Any CPU
		Release|Any CPU = Release|Any CPU
	EndGlobalSection
	GlobalSection(ProjectConfigurationPlatforms) = postSolution
		{8D09417E-99AF-4875-8D7E-235B628B609D}.Debug|Any CPU.ActiveCfg = Debug|Any CPU
		{8D09417E-99AF-4875-8D7E-235B628B609D}.Debug|Any CPU.Build.0 = Debug|Any CPU
		{8D09417E-99AF-4875-8D7E-235B628B609D}.Release|Any CPU.ActiveCfg = Release|Any CPU
		{8D09417E-99AF-4875-8D7E-235B628B609D}.Release|Any CPU.Build.0 = Release|Any CPU
		{548F885D-7F4D-47D6-AEC5-9DF24D8F64B2}.Debug|Any CPU.ActiveCfg = Debug|Any CPU
		{548F885D-7F4D-47D6-AEC5-9DF24D8F64B2}.Debug|Any CPU.Build.0 = Debug|Any CPU
		{548F885D-7F4D-47D6-AEC5-9DF24D8F64B2}.Release|Any CPU.ActiveCfg = Release|Any CPU
		{548F885D-7F4D-47D6-AEC5-9DF24D8F64B2}.Release|Any CPU.Build.0 = Release|Any CPU
	EndGlobalSection
	GlobalSection(SolutionProperties) = preSolution
		HideSolutionNode = FALSE
	EndGlobalSection
	GlobalSection(ExtensibilityGlobals) = postSolution
		SolutionGuid = {51E344EE-BF39-419A-870F-66F581DF913B}
	EndGlobalSection
EndGlobal
